PODS:
  - Alamofire (4.7.3)
  - Kingfisher (4.9.0)
  - LTScrollView (0.2.0)
  - Moya (11.0.2):
    - Moya/Core (= 11.0.2)
  - Moya/Core (11.0.2):
    - Alamofire (~> 4.1)
    - Result (~> 3.0)
  - ObjectMapper (3.3.0)
  - RAMAnimatedTabBarController (3.5.0)
  - Result (3.2.4)
  - RxCocoa (4.3.1):
    - RxSwift (~> 4.0)
  - RxSwift (4.3.1)
  - SnapKit (4.0.1)
  - Spring (1.0.5)
  - SwiftyJSON (4.1.0)

DEPENDENCIES:
  - Kingfisher (= 4.9.0)
  - LTScrollView (~> 0.2.0)
  - Moya (~> 11.0)
  - ObjectMapper
  - RAMAnimatedTabBarController
  - RxCocoa (~> 4.0)
  - RxSwift (~> 4.0)
  - SnapKit (~> 4.0.0)
  - Spring
  - SwiftyJSON (~> 4.0)

SPEC REPOS:
  https://github.com/cocoapods/specs.git:
    - Alamofire
    - Kingfisher
    - LTScrollView
    - Moya
    - ObjectMapper
    - RAMAnimatedTabBarController
    - Result
    - RxCocoa
    - RxSwift
    - SnapKit
    - Spring
    - SwiftyJSON

SPEC CHECKSUMS:
  Alamofire: c7287b6e5d7da964a70935e5db17046b7fde6568
  Kingfisher: 64539b51826b778206daa6ed815d12653caa69dd
  LTScrollView: 1a18ae14884eb99c27f0222203aedaccd21b72fc
  Moya: a725035953bc1c0eb1be505ab903984501d82440
  ObjectMapper: b612bf8c8e99c4dc0bb6013a51f7c27966ed5da9
  RAMAnimatedTabBarController: 7e259e89b669c7bc833a6441c7d8fbfd6580f473
  Result: d2d07204ce72856f1fd9130bbe42c35a7b0fea10
  RxCocoa: 78763c7b07d02455598d9fc3c1ad091a28b73635
  RxSwift: fe0fd770a43acdb7d0a53da411c9b892e69bb6e4
  SnapKit: 0de968a9fec17499afa29683b05d0c775b6d1c29
  Spring: 17901566c8ecf3a1327902b940406c64512f9bb1
  SwiftyJSON: c29297daf073d2aa016295d5809cdd68045c39b3

PODFILE CHECKSUM: c547a4acc6684d3241a40d192aa1b3308f079cc0

COCOAPODS: 1.5.3
